
Microsoft Visual Studio Solution File, Format Version 12.00
# Visual Studio Version 17
VisualStudioVersion = 17.1.32421.90
MinimumVisualStudioVersion = 10.0.40219.1
Project("{FAE04EC0-301F-11D3-BF4B-00C04F79EFBC}") = "NomiAnimali_Mariani", "NomiAnimali_Mariani\NomiAnimali_Mariani.csproj", "{2B7D0DF0-2624-4906-8418-4F1B58433648}"
EndProject
Global
	GlobalSection(SolutionConfigurationPlatforms) = preSolution
		Debug|Any CPU = Debug|Any CPU
		Release|Any CPU = Release|Any CPU
	EndGlobalSection
	GlobalSection(ProjectConfigurationPlatforms) = postSolution
		{2B7D0DF0-2624-4906-8418-4F1B58433648}.Debug|Any CPU.ActiveCfg = Debug|Any CPU
		{2B7D0DF0-2624-4906-8418-4F1B58433648}.Debug|Any CPU.Build.0 = Debug|Any CPU
		{2B7D0DF0-2624-4906-8418-4F1B58433648}.Release|Any CPU.ActiveCfg = Release|Any CPU
		{2B7D0DF0-2624-4906-8418-4F1B58433648}.Release|Any CPU.Build.0 = Release|Any CPU
	EndGlobalSection
	GlobalSection(SolutionProperties) = preSolution
		HideSolutionNode = FALSE
	EndGlobalSection
	GlobalSection(ExtensibilityGlobals) = postSolution
		SolutionGuid = {33A315CD-499B-4EFE-8E20-20A6E213B951}
	EndGlobalSection
EndGlobal
